// !$*UTF8*$!
{
	archiveVersion = 1;
	classes = {
	};
	objectVersion = 56;
	objects = {

/* Begin PBXBuildFile section */
		AC0764F52BDF51640000C3C7 /* ValidateData.swift in Sources */ = {isa = PBXBuildFile; fileRef = AC0764F42BDF51630000C3C7 /* ValidateData.swift */; };
		AC0764F82BDF55410000C3C7 /* SwiftfulLoadingIndicators in Frameworks */ = {isa = PBXBuildFile; productRef = AC0764F72BDF55410000C3C7 /* SwiftfulLoadingIndicators */; };
		AC14837F2BF430020074BB08 /* ListView.swift in Sources */ = {isa = PBXBuildFile; fileRef = AC14837E2BF430020074BB08 /* ListView.swift */; };
		AC1483812BF45E4D0074BB08 /* SwiftDataModel.swift in Sources */ = {isa = PBXBuildFile; fileRef = AC1483802BF45E4D0074BB08 /* SwiftDataModel.swift */; };
		AC1483832BF461770074BB08 /* DummyAddView.swift in Sources */ = {isa = PBXBuildFile; fileRef = AC1483822BF461770074BB08 /* DummyAddView.swift */; };
		AC2374A72C0C64D20077FB81 /* InedIngSelctView.swift in Sources */ = {isa = PBXBuildFile; fileRef = AC2374A62C0C64D20077FB81 /* InedIngSelctView.swift */; };
		AC24B94F2BF83B92007EEF6D /* ResultsView.swift in Sources */ = {isa = PBXBuildFile; fileRef = AC24B94E2BF83B92007EEF6D /* ResultsView.swift */; };
		AC3A56D42C1829FB00DB1B86 /* SwiftUIKit in Frameworks */ = {isa = PBXBuildFile; productRef = AC3A56D32C1829FB00DB1B86 /* SwiftUIKit */; };
		AC3CCDC52BDF89380024D786 /* ApiResponseView.swift in Sources */ = {isa = PBXBuildFile; fileRef = AC3CCDC42BDF89380024D786 /* ApiResponseView.swift */; };
		AC3CCDC72BE092C80024D786 /* LoadingView.swift in Sources */ = {isa = PBXBuildFile; fileRef = AC3CCDC62BE092C80024D786 /* LoadingView.swift */; };
		AC4C6C6C2C041821009F3B99 /* ReusableListView.swift in Sources */ = {isa = PBXBuildFile; fileRef = AC4C6C6B2C041821009F3B99 /* ReusableListView.swift */; };
		AC6515652BD77E65002C6C53 /* SDDProjectApp.swift in Sources */ = {isa = PBXBuildFile; fileRef = AC6515642BD77E65002C6C53 /* SDDProjectApp.swift */; };
		AC6515672BD77E65002C6C53 /* CameraView.swift in Sources */ = {isa = PBXBuildFile; fileRef = AC6515662BD77E65002C6C53 /* CameraView.swift */; };
		AC65156B2BD77E66002C6C53 /* Assets.xcassets in Resources */ = {isa = PBXBuildFile; fileRef = AC65156A2BD77E66002C6C53 /* Assets.xcassets */; };
		AC65156E2BD77E66002C6C53 /* Preview Assets.xcassets in Resources */ = {isa = PBXBuildFile; fileRef = AC65156D2BD77E66002C6C53 /* Preview Assets.xcassets */; };
		AC65157A2BD92B7B002C6C53 /* AppViewModel.swift in Sources */ = {isa = PBXBuildFile; fileRef = AC6515792BD92B7B002C6C53 /* AppViewModel.swift */; };
		AC65157C2BD93013002C6C53 /* DataScannerView.swift in Sources */ = {isa = PBXBuildFile; fileRef = AC65157B2BD93013002C6C53 /* DataScannerView.swift */; };
		AC6515982BDCFB6F002C6C53 /* SwiftUITestView.swift in Sources */ = {isa = PBXBuildFile; fileRef = AC6515972BDCFB6F002C6C53 /* SwiftUITestView.swift */; };
		AC7DD9D92C10370700131278 /* SwiftUIView.swift in Sources */ = {isa = PBXBuildFile; fileRef = AC7DD9D82C10370700131278 /* SwiftUIView.swift */; };
		AC889B572C2298250061FBE9 /* AlertToast in Frameworks */ = {isa = PBXBuildFile; productRef = AC889B562C2298250061FBE9 /* AlertToast */; };
		AC9A5C902C24F0F00051ABCB /* OnboardingView.swift in Sources */ = {isa = PBXBuildFile; fileRef = AC9A5C8F2C24F0F00051ABCB /* OnboardingView.swift */; };
		AC9A5C922C24F2E70051ABCB /* TitlePageView.swift in Sources */ = {isa = PBXBuildFile; fileRef = AC9A5C912C24F2E70051ABCB /* TitlePageView.swift */; };
		ACB327702C13DE4C001193E4 /* IngredientComparator.swift in Sources */ = {isa = PBXBuildFile; fileRef = ACB3276F2C13DE4C001193E4 /* IngredientComparator.swift */; };
/* End PBXBuildFile section */

/* Begin PBXFileReference section */
		AC0764F42BDF51630000C3C7 /* ValidateData.swift */ = {isa = PBXFileReference; lastKnownFileType = sourcecode.swift; path = ValidateData.swift; sourceTree = "<group>"; };
		AC14837E2BF430020074BB08 /* ListView.swift */ = {isa = PBXFileReference; lastKnownFileType = sourcecode.swift; path = ListView.swift; sourceTree = "<group>"; };
		AC1483802BF45E4D0074BB08 /* SwiftDataModel.swift */ = {isa = PBXFileReference; lastKnownFileType = sourcecode.swift; path = SwiftDataModel.swift; sourceTree = "<group>"; };
		AC1483822BF461770074BB08 /* DummyAddView.swift */ = {isa = PBXFileReference; lastKnownFileType = sourcecode.swift; path = DummyAddView.swift; sourceTree = "<group>"; };
		AC2374A62C0C64D20077FB81 /* InedIngSelctView.swift */ = {isa = PBXFileReference; lastKnownFileType = sourcecode.swift; path = InedIngSelctView.swift; sourceTree = "<group>"; };
		AC24B94E2BF83B92007EEF6D /* ResultsView.swift */ = {isa = PBXFileReference; lastKnownFileType = sourcecode.swift; path = ResultsView.swift; sourceTree = "<group>"; };
		AC3CCDC42BDF89380024D786 /* ApiResponseView.swift */ = {isa = PBXFileReference; lastKnownFileType = sourcecode.swift; path = ApiResponseView.swift; sourceTree = "<group>"; };
		AC3CCDC62BE092C80024D786 /* LoadingView.swift */ = {isa = PBXFileReference; lastKnownFileType = sourcecode.swift; path = LoadingView.swift; sourceTree = "<group>"; };
		AC4C6C6B2C041821009F3B99 /* ReusableListView.swift */ = {isa = PBXFileReference; lastKnownFileType = sourcecode.swift; path = ReusableListView.swift; sourceTree = "<group>"; };
		AC6515612BD77E65002C6C53 /* SDDProject.app */ = {isa = PBXFileReference; explicitFileType = wrapper.application; includeInIndex = 0; path = SDDProject.app; sourceTree = BUILT_PRODUCTS_DIR; };
		AC6515642BD77E65002C6C53 /* SDDProjectApp.swift */ = {isa = PBXFileReference; lastKnownFileType = sourcecode.swift; path = SDDProjectApp.swift; sourceTree = "<group>"; };
		AC6515662BD77E65002C6C53 /* CameraView.swift */ = {isa = PBXFileReference; lastKnownFileType = sourcecode.swift; path = CameraView.swift; sourceTree = "<group>"; };
		AC65156A2BD77E66002C6C53 /* Assets.xcassets */ = {isa = PBXFileReference; lastKnownFileType = folder.assetcatalog; path = Assets.xcassets; sourceTree = "<group>"; };
		AC65156D2BD77E66002C6C53 /* Preview Assets.xcassets */ = {isa = PBXFileReference; lastKnownFileType = folder.assetcatalog; path = "Preview Assets.xcassets"; sourceTree = "<group>"; };
		AC6515742BD79A12002C6C53 /* Info.plist */ = {isa = PBXFileReference; lastKnownFileType = text.plist; path = Info.plist; sourceTree = "<group>"; };
		AC6515792BD92B7B002C6C53 /* AppViewModel.swift */ = {isa = PBXFileReference; lastKnownFileType = sourcecode.swift; path = AppViewModel.swift; sourceTree = "<group>"; };
		AC65157B2BD93013002C6C53 /* DataScannerView.swift */ = {isa = PBXFileReference; lastKnownFileType = sourcecode.swift; path = DataScannerView.swift; sourceTree = "<group>"; };
		AC6515972BDCFB6F002C6C53 /* SwiftUITestView.swift */ = {isa = PBXFileReference; lastKnownFileType = sourcecode.swift; path = SwiftUITestView.swift; sourceTree = "<group>"; };
		AC7DD9D82C10370700131278 /* SwiftUIView.swift */ = {isa = PBXFileReference; lastKnownFileType = sourcecode.swift; path = SwiftUIView.swift; sourceTree = "<group>"; };
		AC9A5C8F2C24F0F00051ABCB /* OnboardingView.swift */ = {isa = PBXFileReference; lastKnownFileType = sourcecode.swift; path = OnboardingView.swift; sourceTree = "<group>"; };
		AC9A5C912C24F2E70051ABCB /* TitlePageView.swift */ = {isa = PBXFileReference; lastKnownFileType = sourcecode.swift; path = TitlePageView.swift; sourceTree = "<group>"; };
		ACB3276F2C13DE4C001193E4 /* IngredientComparator.swift */ = {isa = PBXFileReference; lastKnownFileType = sourcecode.swift; path = IngredientComparator.swift; sourceTree = "<group>"; };
/* End PBXFileReference section */

/* Begin PBXFrameworksBuildPhase section */
		AC65155E2BD77E65002C6C53 /* Frameworks */ = {
			isa = PBXFrameworksBuildPhase;
			buildActionMask = 2147483647;
			files = (
				AC889B572C2298250061FBE9 /* AlertToast in Frameworks */,
				AC0764F82BDF55410000C3C7 /* SwiftfulLoadingIndicators in Frameworks */,
				AC3A56D42C1829FB00DB1B86 /* SwiftUIKit in Frameworks */,
			);
			runOnlyForDeploymentPostprocessing = 0;
		};
/* End PBXFrameworksBuildPhase section */

/* Begin PBXGroup section */
		AC6515582BD77E65002C6C53 = {
			isa = PBXGroup;
			children = (
				AC6515632BD77E65002C6C53 /* SDDProject */,
				AC6515972BDCFB6F002C6C53 /* SwiftUITestView.swift */,
				AC7DD9D82C10370700131278 /* SwiftUIView.swift */,
				AC6515622BD77E65002C6C53 /* Products */,
			);
			sourceTree = "<group>";
		};
		AC6515622BD77E65002C6C53 /* Products */ = {
			isa = PBXGroup;
			children = (
				AC6515612BD77E65002C6C53 /* SDDProject.app */,
			);
			name = Products;
			sourceTree = "<group>";
		};
		AC6515632BD77E65002C6C53 /* SDDProject */ = {
			isa = PBXGroup;
			children = (
				AC6515642BD77E65002C6C53 /* SDDProjectApp.swift */,
				AC7DD9D52C101A2400131278 /* Camera */,
				AC7DD9D62C101A7000131278 /* Data */,
				AC7DD9D72C101AF500131278 /* Reusables */,
				AC3CCDC42BDF89380024D786 /* ApiResponseView.swift */,
				AC2374A62C0C64D20077FB81 /* InedIngSelctView.swift */,
				AC24B94E2BF83B92007EEF6D /* ResultsView.swift */,
				AC14837E2BF430020074BB08 /* ListView.swift */,
				AC1483822BF461770074BB08 /* DummyAddView.swift */,
				AC9A5C8F2C24F0F00051ABCB /* OnboardingView.swift */,
				AC9A5C912C24F2E70051ABCB /* TitlePageView.swift */,
				AC65156A2BD77E66002C6C53 /* Assets.xcassets */,
				AC6515742BD79A12002C6C53 /* Info.plist */,
				AC65156C2BD77E66002C6C53 /* Preview Content */,
			);
			path = SDDProject;
			sourceTree = "<group>";
		};
		AC65156C2BD77E66002C6C53 /* Preview Content */ = {
			isa = PBXGroup;
			children = (
				AC65156D2BD77E66002C6C53 /* Preview Assets.xcassets */,
			);
			path = "Preview Content";
			sourceTree = "<group>";
		};
		AC7DD9D52C101A2400131278 /* Camera */ = {
			isa = PBXGroup;
			children = (
				AC6515662BD77E65002C6C53 /* CameraView.swift */,
				AC65157B2BD93013002C6C53 /* DataScannerView.swift */,
			);
			path = Camera;
			sourceTree = "<group>";
		};
		AC7DD9D62C101A7000131278 /* Data */ = {
			isa = PBXGroup;
			children = (
				AC6515792BD92B7B002C6C53 /* AppViewModel.swift */,
				AC1483802BF45E4D0074BB08 /* SwiftDataModel.swift */,
				AC0764F42BDF51630000C3C7 /* ValidateData.swift */,
				ACB3276F2C13DE4C001193E4 /* IngredientComparator.swift */,
			);
			path = Data;
			sourceTree = "<group>";
		};
		AC7DD9D72C101AF500131278 /* Reusables */ = {
			isa = PBXGroup;
			children = (
				AC3CCDC62BE092C80024D786 /* LoadingView.swift */,
				AC4C6C6B2C041821009F3B99 /* ReusableListView.swift */,
			);
			path = Reusables;
			sourceTree = "<group>";
		};
/* End PBXGroup section */

/* Begin PBXNativeTarget section */
		AC6515602BD77E65002C6C53 /* SDDProject */ = {
			isa = PBXNativeTarget;
			buildConfigurationList = AC6515712BD77E66002C6C53 /* Build configuration list for PBXNativeTarget "SDDProject" */;
			buildPhases = (
				AC65155D2BD77E65002C6C53 /* Sources */,
				AC65155E2BD77E65002C6C53 /* Frameworks */,
				AC65155F2BD77E65002C6C53 /* Resources */,
			);
			buildRules = (
			);
			dependencies = (
			);
			name = SDDProject;
			packageProductDependencies = (
				AC0764F72BDF55410000C3C7 /* SwiftfulLoadingIndicators */,
				AC3A56D32C1829FB00DB1B86 /* SwiftUIKit */,
				AC889B562C2298250061FBE9 /* AlertToast */,
			);
			productName = SDDProject;
			productReference = AC6515612BD77E65002C6C53 /* SDDProject.app */;
			productType = "com.apple.product-type.application";
		};
/* End PBXNativeTarget section */

/* Begin PBXProject section */
		AC6515592BD77E65002C6C53 /* Project object */ = {
			isa = PBXProject;
			attributes = {
				BuildIndependentTargetsInParallel = 1;
				LastSwiftUpdateCheck = 1530;
				LastUpgradeCheck = 1530;
				TargetAttributes = {
					AC6515602BD77E65002C6C53 = {
						CreatedOnToolsVersion = 15.3;
					};
				};
			};
			buildConfigurationList = AC65155C2BD77E65002C6C53 /* Build configuration list for PBXProject "SDDProject" */;
			compatibilityVersion = "Xcode 14.0";
			developmentRegion = en;
			hasScannedForEncodings = 0;
			knownRegions = (
				en,
				Base,
			);
			mainGroup = AC6515582BD77E65002C6C53;
			packageReferences = (
				AC0764F62BDF55410000C3C7 /* XCRemoteSwiftPackageReference "SwiftfulLoadingIndicators" */,
				AC3A56D22C1829FB00DB1B86 /* XCRemoteSwiftPackageReference "SwiftUIKit" */,
				AC889B552C2298250061FBE9 /* XCRemoteSwiftPackageReference "AlertToast" */,
			);
			productRefGroup = AC6515622BD77E65002C6C53 /* Products */;
			projectDirPath = "";
			projectRoot = "";
			targets = (
				AC6515602BD77E65002C6C53 /* SDDProject */,
			);
		};
/* End PBXProject section */

/* Begin PBXResourcesBuildPhase section */
		AC65155F2BD77E65002C6C53 /* Resources */ = {
			isa = PBXResourcesBuildPhase;
			buildActionMask = 2147483647;
			files = (
				AC65156E2BD77E66002C6C53 /* Preview Assets.xcassets in Resources */,
				AC65156B2BD77E66002C6C53 /* Assets.xcassets in Resources */,
			);
			runOnlyForDeploymentPostprocessing = 0;
		};
/* End PBXResourcesBuildPhase section */

/* Begin PBXSourcesBuildPhase section */
		AC65155D2BD77E65002C6C53 /* Sources */ = {
			isa = PBXSourcesBuildPhase;
			buildActionMask = 2147483647;
			files = (
				AC65157A2BD92B7B002C6C53 /* AppViewModel.swift in Sources */,
				AC1483812BF45E4D0074BB08 /* SwiftDataModel.swift in Sources */,
				AC4C6C6C2C041821009F3B99 /* ReusableListView.swift in Sources */,
				AC1483832BF461770074BB08 /* DummyAddView.swift in Sources */,
				AC65157C2BD93013002C6C53 /* DataScannerView.swift in Sources */,
				AC6515672BD77E65002C6C53 /* CameraView.swift in Sources */,
				AC3CCDC52BDF89380024D786 /* ApiResponseView.swift in Sources */,
				AC6515982BDCFB6F002C6C53 /* SwiftUITestView.swift in Sources */,
				AC3CCDC72BE092C80024D786 /* LoadingView.swift in Sources */,
				ACB327702C13DE4C001193E4 /* IngredientComparator.swift in Sources */,
				AC9A5C922C24F2E70051ABCB /* TitlePageView.swift in Sources */,
				AC6515652BD77E65002C6C53 /* SDDProjectApp.swift in Sources */,
				AC0764F52BDF51640000C3C7 /* ValidateData.swift in Sources */,
				AC2374A72C0C64D20077FB81 /* InedIngSelctView.swift in Sources */,
				AC24B94F2BF83B92007EEF6D /* ResultsView.swift in Sources */,
				AC14837F2BF430020074BB08 /* ListView.swift in Sources */,
				AC9A5C902C24F0F00051ABCB /* OnboardingView.swift in Sources */,
				AC7DD9D92C10370700131278 /* SwiftUIView.swift in Sources */,
			);
			runOnlyForDeploymentPostprocessing = 0;
		};
/* End PBXSourcesBuildPhase section */

/* Begin XCBuildConfiguration section */
		AC65156F2BD77E66002C6C53 /* Debug */ = {
			isa = XCBuildConfiguration;
			buildSettings = {
				ALWAYS_SEARCH_USER_PATHS = NO;
				ASSETCATALOG_COMPILER_GENERATE_SWIFT_ASSET_SYMBOL_EXTENSIONS = YES;
				CLANG_ANALYZER_NONNULL = YES;
				CLANG_ANALYZER_NUMBER_OBJECT_CONVERSION = YES_AGGRESSIVE;
				CLANG_CXX_LANGUAGE_STANDARD = "gnu++20";
				CLANG_ENABLE_MODULES = YES;
				CLANG_ENABLE_OBJC_ARC = YES;
				CLANG_ENABLE_OBJC_WEAK = YES;
				CLANG_WARN_BLOCK_CAPTURE_AUTORELEASING = YES;
				CLANG_WARN_BOOL_CONVERSION = YES;
				CLANG_WARN_COMMA = YES;
				CLANG_WARN_CONSTANT_CONVERSION = YES;
				CLANG_WARN_DEPRECATED_OBJC_IMPLEMENTATIONS = YES;
				CLANG_WARN_DIRECT_OBJC_ISA_USAGE = YES_ERROR;
				CLANG_WARN_DOCUMENTATION_COMMENTS = YES;
				CLANG_WARN_EMPTY_BODY = YES;
				CLANG_WARN_ENUM_CONVERSION = YES;
				CLANG_WARN_INFINITE_RECURSION = YES;
				CLANG_WARN_INT_CONVERSION = YES;
				CLANG_WARN_NON_LITERAL_NULL_CONVERSION = YES;
				CLANG_WARN_OBJC_IMPLICIT_RETAIN_SELF = YES;
				CLANG_WARN_OBJC_LITERAL_CONVERSION = YES;
				CLANG_WARN_OBJC_ROOT_CLASS = YES_ERROR;
				CLANG_WARN_QUOTED_INCLUDE_IN_FRAMEWORK_HEADER = YES;
				CLANG_WARN_RANGE_LOOP_ANALYSIS = YES;
				CLANG_WARN_STRICT_PROTOTYPES = YES;
				CLANG_WARN_SUSPICIOUS_MOVE = YES;
				CLANG_WARN_UNGUARDED_AVAILABILITY = YES_AGGRESSIVE;
				CLANG_WARN_UNREACHABLE_CODE = YES;
				CLANG_WARN__DUPLICATE_METHOD_MATCH = YES;
				COPY_PHASE_STRIP = NO;
				DEBUG_INFORMATION_FORMAT = dwarf;
				ENABLE_STRICT_OBJC_MSGSEND = YES;
				ENABLE_TESTABILITY = YES;
				ENABLE_USER_SCRIPT_SANDBOXING = YES;
				GCC_C_LANGUAGE_STANDARD = gnu17;
				GCC_DYNAMIC_NO_PIC = NO;
				GCC_NO_COMMON_BLOCKS = YES;
				GCC_OPTIMIZATION_LEVEL = 0;
				GCC_PREPROCESSOR_DEFINITIONS = (
					"DEBUG=1",
					"$(inherited)",
				);
				GCC_WARN_64_TO_32_BIT_CONVERSION = YES;
				GCC_WARN_ABOUT_RETURN_TYPE = YES_ERROR;
				GCC_WARN_UNDECLARED_SELECTOR = YES;
				GCC_WARN_UNINITIALIZED_AUTOS = YES_AGGRESSIVE;
				GCC_WARN_UNUSED_FUNCTION = YES;
				GCC_WARN_UNUSED_VARIABLE = YES;
				IPHONEOS_DEPLOYMENT_TARGET = 17.4;
				LOCALIZATION_PREFERS_STRING_CATALOGS = YES;
				MTL_ENABLE_DEBUG_INFO = INCLUDE_SOURCE;
				MTL_FAST_MATH = YES;
				ONLY_ACTIVE_ARCH = YES;
				SDKROOT = iphoneos;
				SWIFT_ACTIVE_COMPILATION_CONDITIONS = "DEBUG $(inherited)";
				SWIFT_OPTIMIZATION_LEVEL = "-Onone";
			};
			name = Debug;
		};
		AC6515702BD77E66002C6C53 /* Release */ = {
			isa = XCBuildConfiguration;
			buildSettings = {
				ALWAYS_SEARCH_USER_PATHS = NO;
				ASSETCATALOG_COMPILER_GENERATE_SWIFT_ASSET_SYMBOL_EXTENSIONS = YES;
				CLANG_ANALYZER_NONNULL = YES;
				CLANG_ANALYZER_NUMBER_OBJECT_CONVERSION = YES_AGGRESSIVE;
				CLANG_CXX_LANGUAGE_STANDARD = "gnu++20";
				CLANG_ENABLE_MODULES = YES;
				CLANG_ENABLE_OBJC_ARC = YES;
				CLANG_ENABLE_OBJC_WEAK = YES;
				CLANG_WARN_BLOCK_CAPTURE_AUTORELEASING = YES;
				CLANG_WARN_BOOL_CONVERSION = YES;
				CLANG_WARN_COMMA = YES;
				CLANG_WARN_CONSTANT_CONVERSION = YES;
				CLANG_WARN_DEPRECATED_OBJC_IMPLEMENTATIONS = YES;
				CLANG_WARN_DIRECT_OBJC_ISA_USAGE = YES_ERROR;
				CLANG_WARN_DOCUMENTATION_COMMENTS = YES;
				CLANG_WARN_EMPTY_BODY = YES;
				CLANG_WARN_ENUM_CONVERSION = YES;
				CLANG_WARN_INFINITE_RECURSION = YES;
				CLANG_WARN_INT_CONVERSION = YES;
				CLANG_WARN_NON_LITERAL_NULL_CONVERSION = YES;
				CLANG_WARN_OBJC_IMPLICIT_RETAIN_SELF = YES;
				CLANG_WARN_OBJC_LITERAL_CONVERSION = YES;
				CLANG_WARN_OBJC_ROOT_CLASS = YES_ERROR;
				CLANG_WARN_QUOTED_INCLUDE_IN_FRAMEWORK_HEADER = YES;
				CLANG_WARN_RANGE_LOOP_ANALYSIS = YES;
				CLANG_WARN_STRICT_PROTOTYPES = YES;
				CLANG_WARN_SUSPICIOUS_MOVE = YES;
				CLANG_WARN_UNGUARDED_AVAILABILITY = YES_AGGRESSIVE;
				CLANG_WARN_UNREACHABLE_CODE = YES;
				CLANG_WARN__DUPLICATE_METHOD_MATCH = YES;
				COPY_PHASE_STRIP = NO;
				DEBUG_INFORMATION_FORMAT = "dwarf-with-dsym";
				ENABLE_NS_ASSERTIONS = NO;
				ENABLE_STRICT_OBJC_MSGSEND = YES;
				ENABLE_USER_SCRIPT_SANDBOXING = YES;
				GCC_C_LANGUAGE_STANDARD = gnu17;
				GCC_NO_COMMON_BLOCKS = YES;
				GCC_WARN_64_TO_32_BIT_CONVERSION = YES;
				GCC_WARN_ABOUT_RETURN_TYPE = YES_ERROR;
				GCC_WARN_UNDECLARED_SELECTOR = YES;
				GCC_WARN_UNINITIALIZED_AUTOS = YES_AGGRESSIVE;
				GCC_WARN_UNUSED_FUNCTION = YES;
				GCC_WARN_UNUSED_VARIABLE = YES;
				IPHONEOS_DEPLOYMENT_TARGET = 17.4;
				LOCALIZATION_PREFERS_STRING_CATALOGS = YES;
				MTL_ENABLE_DEBUG_INFO = NO;
				MTL_FAST_MATH = YES;
				SDKROOT = iphoneos;
				SWIFT_COMPILATION_MODE = wholemodule;
				VALIDATE_PRODUCT = YES;
			};
			name = Release;
		};
		AC6515722BD77E66002C6C53 /* Debug */ = {
			isa = XCBuildConfiguration;
			buildSettings = {
				ASSETCATALOG_COMPILER_APPICON_NAME = AppIcon;
				ASSETCATALOG_COMPILER_GLOBAL_ACCENT_COLOR_NAME = AccentColor;
				CODE_SIGN_STYLE = Automatic;
				CURRENT_PROJECT_VERSION = 1;
				DEVELOPMENT_ASSET_PATHS = "\"SDDProject/Preview Content\"";
				DEVELOPMENT_TEAM = H5B462L643;
				ENABLE_PREVIEWS = YES;
				GENERATE_INFOPLIST_FILE = YES;
				INFOPLIST_FILE = SDDProject/Info.plist;
				INFOPLIST_KEY_CFBundleDisplayName = Mango;
				INFOPLIST_KEY_NSCameraUsageDescription = "Used for scanning barcodes";
				INFOPLIST_KEY_UIApplicationSceneManifest_Generation = YES;
				INFOPLIST_KEY_UIApplicationSupportsIndirectInputEvents = YES;
				INFOPLIST_KEY_UILaunchScreen_Generation = YES;
				INFOPLIST_KEY_UISupportedInterfaceOrientations_iPad = "UIInterfaceOrientationPortrait UIInterfaceOrientationPortraitUpsideDown UIInterfaceOrientationLandscapeLeft UIInterfaceOrientationLandscapeRight";
				INFOPLIST_KEY_UISupportedInterfaceOrientations_iPhone = "UIInterfaceOrientationPortrait UIInterfaceOrientationLandscapeLeft UIInterfaceOrientationLandscapeRight";
				LD_RUNPATH_SEARCH_PATHS = (
					"$(inherited)",
					"@executable_path/Frameworks",
				);
				MARKETING_VERSION = 1.0;
				PRODUCT_BUNDLE_IDENTIFIER = com.lukealbrecht.SDDProject;
				PRODUCT_NAME = "$(TARGET_NAME)";
				SWIFT_EMIT_LOC_STRINGS = YES;
				SWIFT_VERSION = 5.0;
				TARGETED_DEVICE_FAMILY = "1,2";
			};
			name = Debug;
		};
		AC6515732BD77E66002C6C53 /* Release */ = {
			isa = XCBuildConfiguration;
			buildSettings = {
				ASSETCATALOG_COMPILER_APPICON_NAME = AppIcon;
				ASSETCATALOG_COMPILER_GLOBAL_ACCENT_COLOR_NAME = AccentColor;
				CODE_SIGN_STYLE = Automatic;
				CURRENT_PROJECT_VERSION = 1;
				DEVELOPMENT_ASSET_PATHS = "\"SDDProject/Preview Content\"";
				DEVELOPMENT_TEAM = H5B462L643;
				ENABLE_PREVIEWS = YES;
				GENERATE_INFOPLIST_FILE = YES;
				INFOPLIST_FILE = SDDProject/Info.plist;
				INFOPLIST_KEY_CFBundleDisplayName = Mango;
				INFOPLIST_KEY_NSCameraUsageDescription = "Used for scanning barcodes";
				INFOPLIST_KEY_UIApplicationSceneManifest_Generation = YES;
				INFOPLIST_KEY_UIApplicationSupportsIndirectInputEvents = YES;
				INFOPLIST_KEY_UILaunchScreen_Generation = YES;
				INFOPLIST_KEY_UISupportedInterfaceOrientations_iPad = "UIInterfaceOrientationPortrait UIInterfaceOrientationPortraitUpsideDown UIInterfaceOrientationLandscapeLeft UIInterfaceOrientationLandscapeRight";
				INFOPLIST_KEY_UISupportedInterfaceOrientations_iPhone = "UIInterfaceOrientationPortrait UIInterfaceOrientationLandscapeLeft UIInterfaceOrientationLandscapeRight";
				LD_RUNPATH_SEARCH_PATHS = (
					"$(inherited)",
					"@executable_path/Frameworks",
				);
				MARKETING_VERSION = 1.0;
				PRODUCT_BUNDLE_IDENTIFIER = com.lukealbrecht.SDDProject;
				PRODUCT_NAME = "$(TARGET_NAME)";
				SWIFT_EMIT_LOC_STRINGS = YES;
				SWIFT_VERSION = 5.0;
				TARGETED_DEVICE_FAMILY = "1,2";
			};
			name = Release;
		};
/* End XCBuildConfiguration section */

/* Begin XCConfigurationList section */
		AC65155C2BD77E65002C6C53 /* Build configuration list for PBXProject "SDDProject" */ = {
			isa = XCConfigurationList;
			buildConfigurations = (
				AC65156F2BD77E66002C6C53 /* Debug */,
				AC6515702BD77E66002C6C53 /* Release */,
			);
			defaultConfigurationIsVisible = 0;
			defaultConfigurationName = Release;
		};
		AC6515712BD77E66002C6C53 /* Build configuration list for PBXNativeTarget "SDDProject" */ = {
			isa = XCConfigurationList;
			buildConfigurations = (
				AC6515722BD77E66002C6C53 /* Debug */,
				AC6515732BD77E66002C6C53 /* Release */,
			);
			defaultConfigurationIsVisible = 0;
			defaultConfigurationName = Release;
		};
/* End XCConfigurationList section */

/* Begin XCRemoteSwiftPackageReference section */
		AC0764F62BDF55410000C3C7 /* XCRemoteSwiftPackageReference "SwiftfulLoadingIndicators" */ = {
			isa = XCRemoteSwiftPackageReference;
			repositoryURL = "https://github.com/SwiftfulThinking/SwiftfulLoadingIndicators.git";
			requirement = {
				kind = upToNextMajorVersion;
				minimumVersion = 0.0.4;
			};
		};
		AC3A56D22C1829FB00DB1B86 /* XCRemoteSwiftPackageReference "SwiftUIKit" */ = {
			isa = XCRemoteSwiftPackageReference;
			repositoryURL = "https://github.com/danielsaidi/SwiftUIKit.git";
			requirement = {
				kind = upToNextMajorVersion;
				minimumVersion = 4.3.0;
			};
		};
		AC889B552C2298250061FBE9 /* XCRemoteSwiftPackageReference "AlertToast" */ = {
			isa = XCRemoteSwiftPackageReference;
			repositoryURL = "https://github.com/elai950/AlertToast.git";
			requirement = {
				kind = upToNextMajorVersion;
				minimumVersion = 1.3.9;
			};
		};
/* End XCRemoteSwiftPackageReference section */

/* Begin XCSwiftPackageProductDependency section */
		AC0764F72BDF55410000C3C7 /* SwiftfulLoadingIndicators */ = {
			isa = XCSwiftPackageProductDependency;
			package = AC0764F62BDF55410000C3C7 /* XCRemoteSwiftPackageReference "SwiftfulLoadingIndicators" */;
			productName = SwiftfulLoadingIndicators;
		};
		AC3A56D32C1829FB00DB1B86 /* SwiftUIKit */ = {
			isa = XCSwiftPackageProductDependency;
			package = AC3A56D22C1829FB00DB1B86 /* XCRemoteSwiftPackageReference "SwiftUIKit" */;
			productName = SwiftUIKit;
		};
		AC889B562C2298250061FBE9 /* AlertToast */ = {
			isa = XCSwiftPackageProductDependency;
			package = AC889B552C2298250061FBE9 /* XCRemoteSwiftPackageReference "AlertToast" */;
			productName = AlertToast;
		};
/* End XCSwiftPackageProductDependency section */
	};
	rootObject = AC6515592BD77E65002C6C53 /* Project object */;
}
